
Microsoft Visual Studio Solution File, Format Version 12.00
# Visual Studio Version 17
VisualStudioVersion = 17.10.35027.167
MinimumVisualStudioVersion = 10.0.40219.1
Project("{FAE04EC0-301F-11D3-BF4B-00C04F79EFBC}") = "EAAL.Temperatura", "EAAL.Temperatura\EAAL.Temperatura.csproj", "{87233740-1C27-47AC-8EAD-6C0727B1EDEF}"
EndProject
Global
	GlobalSection(SolutionConfigurationPlatforms) = preSolution
		Debug|Any CPU = Debug|Any CPU
		Release|Any CPU = Release|Any CPU
	EndGlobalSection
	GlobalSection(ProjectConfigurationPlatforms) = postSolution
		{87233740-1C27-47AC-8EAD-6C0727B1EDEF}.Debug|Any CPU.ActiveCfg = Debug|Any CPU
		{87233740-1C27-47AC-8EAD-6C0727B1EDEF}.Debug|Any CPU.Build.0 = Debug|Any CPU
		{87233740-1C27-47AC-8EAD-6C0727B1EDEF}.Release|Any CPU.ActiveCfg = Release|Any CPU
		{87233740-1C27-47AC-8EAD-6C0727B1EDEF}.Release|Any CPU.Build.0 = Release|Any CPU
	EndGlobalSection
	GlobalSection(SolutionProperties) = preSolution
		HideSolutionNode = FALSE
	EndGlobalSection
	GlobalSection(ExtensibilityGlobals) = postSolution
		SolutionGuid = {CE64B25E-71F9-468F-9E3C-B34A8B42D325}
	EndGlobalSection
EndGlobal
